
Microsoft Visual Studio Solution File, Format Version 12.00
# Visual Studio Version 17
VisualStudioVersion = 17.0.31903.59
MinimumVisualStudioVersion = 10.0.40219.1
Project("{FAE04EC0-301F-11D3-BF4B-00C04F79EFBC}") = "QMAH.Web", "QMAH.Web\QMAH.Web.csproj", "{1254C784-65DC-4764-859C-96ADD3FE5054}"
EndProject
Project("{FAE04EC0-301F-11D3-BF4B-00C04F79EFBC}") = "QMAH.Infrastructure", "QMAH.Infrastructure\QMAH.Infrastructure.csproj", "{2AA08D9F-CBD9-4B3F-970D-CDAFD05AE8B8}"
EndProject
Project("{FAE04EC0-301F-11D3-BF4B-00C04F79EFBC}") = "QMAH.Api", "QMAH.Api\QMAH.Api.csproj", "{EFE864AE-F807-4B11-98E3-2B94E0D274C1}"
EndProject
Global
	GlobalSection(SolutionConfigurationPlatforms) = preSolution
		Debug|Any CPU = Debug|Any CPU
		Debug|x64 = Debug|x64
		Debug|x86 = Debug|x86
		Release|Any CPU = Release|Any CPU
		Release|x64 = Release|x64
		Release|x86 = Release|x86
	EndGlobalSection
	GlobalSection(ProjectConfigurationPlatforms) = postSolution
		{1254C784-65DC-4764-859C-96ADD3FE5054}.Debug|Any CPU.ActiveCfg = Debug|Any CPU
		{1254C784-65DC-4764-859C-96ADD3FE5054}.Debug|Any CPU.Build.0 = Debug|Any CPU
		{1254C784-65DC-4764-859C-96ADD3FE5054}.Debug|x64.ActiveCfg = Debug|Any CPU
		{1254C784-65DC-4764-859C-96ADD3FE5054}.Debug|x64.Build.0 = Debug|Any CPU
		{1254C784-65DC-4764-859C-96ADD3FE5054}.Debug|x86.ActiveCfg = Debug|Any CPU
		{1254C784-65DC-4764-859C-96ADD3FE5054}.Debug|x86.Build.0 = Debug|Any CPU
		{1254C784-65DC-4764-859C-96ADD3FE5054}.Release|Any CPU.ActiveCfg = Release|Any CPU
		{1254C784-65DC-4764-859C-96ADD3FE5054}.Release|Any CPU.Build.0 = Release|Any CPU
		{1254C784-65DC-4764-859C-96ADD3FE5054}.Release|x64.ActiveCfg = Release|Any CPU
		{1254C784-65DC-4764-859C-96ADD3FE5054}.Release|x64.Build.0 = Release|Any CPU
		{1254C784-65DC-4764-859C-96ADD3FE5054}.Release|x86.ActiveCfg = Release|Any CPU
		{1254C784-65DC-4764-859C-96ADD3FE5054}.Release|x86.Build.0 = Release|Any CPU
		{2AA08D9F-CBD9-4B3F-970D-CDAFD05AE8B8}.Debug|Any CPU.ActiveCfg = Debug|Any CPU
		{2AA08D9F-CBD9-4B3F-970D-CDAFD05AE8B8}.Debug|Any CPU.Build.0 = Debug|Any CPU
		{2AA08D9F-CBD9-4B3F-970D-CDAFD05AE8B8}.Debug|x64.ActiveCfg = Debug|Any CPU
		{2AA08D9F-CBD9-4B3F-970D-CDAFD05AE8B8}.Debug|x64.Build.0 = Debug|Any CPU
		{2AA08D9F-CBD9-4B3F-970D-CDAFD05AE8B8}.Debug|x86.ActiveCfg = Debug|Any CPU
		{2AA08D9F-CBD9-4B3F-970D-CDAFD05AE8B8}.Debug|x86.Build.0 = Debug|Any CPU
		{2AA08D9F-CBD9-4B3F-970D-CDAFD05AE8B8}.Release|Any CPU.ActiveCfg = Release|Any CPU
		{2AA08D9F-CBD9-4B3F-970D-CDAFD05AE8B8}.Release|Any CPU.Build.0 = Release|Any CPU
		{2AA08D9F-CBD9-4B3F-970D-CDAFD05AE8B8}.Release|x64.ActiveCfg = Release|Any CPU
		{2AA08D9F-CBD9-4B3F-970D-CDAFD05AE8B8}.Release|x64.Build.0 = Release|Any CPU
		{2AA08D9F-CBD9-4B3F-970D-CDAFD05AE8B8}.Release|x86.ActiveCfg = Release|Any CPU
		{2AA08D9F-CBD9-4B3F-970D-CDAFD05AE8B8}.Release|x86.Build.0 = Release|Any CPU
		{EFE864AE-F807-4B11-98E3-2B94E0D274C1}.Debug|Any CPU.ActiveCfg = Debug|Any CPU
		{EFE864AE-F807-4B11-98E3-2B94E0D274C1}.Debug|Any CPU.Build.0 = Debug|Any CPU
		{EFE864AE-F807-4B11-98E3-2B94E0D274C1}.Debug|x64.ActiveCfg = Debug|Any CPU
		{EFE864AE-F807-4B11-98E3-2B94E0D274C1}.Debug|x64.Build.0 = Debug|Any CPU
		{EFE864AE-F807-4B11-98E3-2B94E0D274C1}.Debug|x86.ActiveCfg = Debug|Any CPU
		{EFE864AE-F807-4B11-98E3-2B94E0D274C1}.Debug|x86.Build.0 = Debug|Any CPU
		{EFE864AE-F807-4B11-98E3-2B94E0D274C1}.Release|Any CPU.ActiveCfg = Release|Any CPU
		{EFE864AE-F807-4B11-98E3-2B94E0D274C1}.Release|Any CPU.Build.0 = Release|Any CPU
		{EFE864AE-F807-4B11-98E3-2B94E0D274C1}.Release|x64.ActiveCfg = Release|Any CPU
		{EFE864AE-F807-4B11-98E3-2B94E0D274C1}.Release|x64.Build.0 = Release|Any CPU
		{EFE864AE-F807-4B11-98E3-2B94E0D274C1}.Release|x86.ActiveCfg = Release|Any CPU
		{EFE864AE-F807-4B11-98E3-2B94E0D274C1}.Release|x86.Build.0 = Release|Any CPU
	EndGlobalSection
	GlobalSection(SolutionProperties) = preSolution
		HideSolutionNode = FALSE
	EndGlobalSection
	GlobalSection(NestedProjects) = preSolution
	EndGlobalSection
EndGlobal
